{
  "name": "adventofcode",
  "version": "20.20.12",
  "lockfileVersion": 1,
  "requires": true,
  "dependencies": {
    "@types/node": {
      "version": "14.14.10",
      "resolved": "https://artifactory.vitasystems.dev:443/artifactory/api/npm/npm/@types/node/-/node-14.14.10.tgz",
      "integrity": "sha1-WVioLkGGPPxx8jB7N0jjSRugN4U="
    }
  }
}
